
Microsoft Visual Studio Solution File, Format Version 12.00
# Visual Studio Version 17
VisualStudioVersion = 17.13.35806.99 d17.13
MinimumVisualStudioVersion = 10.0.40219.1
Project("{FAE04EC0-301F-11D3-BF4B-00C04F79EFBC}") = "OldGame", "OldGame\OldGame.csproj", "{3BE764D0-44E7-4B01-A971-6CF5972E0D94}"
EndProject
Global
	GlobalSection(SolutionConfigurationPlatforms) = preSolution
		Debug|Any CPU = Debug|Any CPU
		Release|Any CPU = Release|Any CPU
	EndGlobalSection
	GlobalSection(ProjectConfigurationPlatforms) = postSolution
		{3BE764D0-44E7-4B01-A971-6CF5972E0D94}.Debug|Any CPU.ActiveCfg = Debug|Any CPU
		{3BE764D0-44E7-4B01-A971-6CF5972E0D94}.Debug|Any CPU.Build.0 = Debug|Any CPU
		{3BE764D0-44E7-4B01-A971-6CF5972E0D94}.Release|Any CPU.ActiveCfg = Release|Any CPU
		{3BE764D0-44E7-4B01-A971-6CF5972E0D94}.Release|Any CPU.Build.0 = Release|Any CPU
	EndGlobalSection
	GlobalSection(SolutionProperties) = preSolution
		HideSolutionNode = FALSE
	EndGlobalSection
	GlobalSection(ExtensibilityGlobals) = postSolution
		SolutionGuid = {67E69691-0FC1-4D28-A7B7-D4723DB007E0}
	EndGlobalSection
EndGlobal
